
Microsoft Visual Studio Solution File, Format Version 12.00
# Visual Studio Version 17
VisualStudioVersion = 17.14.36518.9
MinimumVisualStudioVersion = 10.0.40219.1
Project("{FAE04EC0-301F-11D3-BF4B-00C04F79EFBC}") = "PDF Creation", "PDF Creation\PDF Creation.csproj", "{08A65EB8-2D6B-42D4-92B3-C1CF16A8BB6C}"
EndProject
Project("{FAE04EC0-301F-11D3-BF4B-00C04F79EFBC}") = "QuestPDF_Test", "QuestPDF_Test\QuestPDF_Test.csproj", "{C1ABBFF6-A18F-4ADA-B6C2-ACB8A237ACD6}"
EndProject
Global
	GlobalSection(SolutionConfigurationPlatforms) = preSolution
		Debug|Any CPU = Debug|Any CPU
		Release|Any CPU = Release|Any CPU
	EndGlobalSection
	GlobalSection(ProjectConfigurationPlatforms) = postSolution
		{08A65EB8-2D6B-42D4-92B3-C1CF16A8BB6C}.Debug|Any CPU.ActiveCfg = Debug|Any CPU
		{08A65EB8-2D6B-42D4-92B3-C1CF16A8BB6C}.Debug|Any CPU.Build.0 = Debug|Any CPU
		{08A65EB8-2D6B-42D4-92B3-C1CF16A8BB6C}.Release|Any CPU.ActiveCfg = Release|Any CPU
		{08A65EB8-2D6B-42D4-92B3-C1CF16A8BB6C}.Release|Any CPU.Build.0 = Release|Any CPU
		{C1ABBFF6-A18F-4ADA-B6C2-ACB8A237ACD6}.Debug|Any CPU.ActiveCfg = Debug|Any CPU
		{C1ABBFF6-A18F-4ADA-B6C2-ACB8A237ACD6}.Debug|Any CPU.Build.0 = Debug|Any CPU
		{C1ABBFF6-A18F-4ADA-B6C2-ACB8A237ACD6}.Release|Any CPU.ActiveCfg = Release|Any CPU
		{C1ABBFF6-A18F-4ADA-B6C2-ACB8A237ACD6}.Release|Any CPU.Build.0 = Release|Any CPU
	EndGlobalSection
	GlobalSection(SolutionProperties) = preSolution
		HideSolutionNode = FALSE
	EndGlobalSection
	GlobalSection(ExtensibilityGlobals) = postSolution
		SolutionGuid = {03885E54-2992-441F-B120-3585C6C333BB}
	EndGlobalSection
EndGlobal
